{
  "version": 4,
  "terraform_version": "1.16.1",
  "serial": 15,
  "lineage": "4c0e5df3-2a7b-b778-b6cd-696d22d68e31",
  "outputs": {
    "gha_role_arn": {
      "value": "arn:aws:iam::381492018602:role/ck-agent-dev-gha",
      "type": "string"
    },
    "lambda_role_arn": {
      "value": "arn:aws:iam::381492018602:role/ck-agent-dev-lambda",
      "type": "string"
    },
    "tfstate_bucket": {
      "value": "ck-agent-dev-tfstate-381492018602",
      "type": "string"
    }
  },
  "resources": [
    {
      "mode": "data",
      "type": "aws_caller_identity",
      "name": "me",
      "provider": "provider[\"registry.terraform.io/hashicorp/aws\"]",
      "instances": [
        {
          "schema_version": 0,
          "attributes": {
            "account_id": "381492018602",
            "arn": "arn:aws:iam::381492018602:user/Toan_Admin",
            "id": "381492018602",
            "user_id": "AIDAVRUVSHWVA3E62N52Q"
          },
          "sensitive_attributes": [],
          "identity_schema_version": 0
        }
      ]
    },
    {
      "mode": "data",
      "type": "aws_iam_policy_document",
      "name": "gha",
      "provider": "provider[\"registry.terraform.io/hashicorp/aws\"]",
      "instances": [
        {
          "schema_version": 0,
          "attributes": {
            "id": "520155142",
            "json": "{\n  \"Version\": \"2012-10-17\",\n  \"Statement\": [\n    {\n      \"Sid\": \"EcrPush\",\n      \"Effect\": \"Allow\",\n      \"Action\": \"ecr:GetAuthorizationToken\",\n      \"Resource\": \"*\"\n    },\n    {\n      \"Sid\": \"EcrRepo\",\n      \"Effect\": \"Allow\",\n      \"Action\": [\n        \"ecr:UploadLayerPart\",\n        \"ecr:TagResource\",\n        \"ecr:PutLifecyclePolicy\",\n        \"ecr:PutImage\",\n        \"ecr:ListTagsForResource\",\n        \"ecr:InitiateLayerUpload\",\n        \"ecr:GetDownloadUrlForLayer\",\n        \"ecr:DescribeRepositories\",\n        \"ecr:DescribeImages\",\n        \"ecr:CreateRepository\",\n        \"ecr:CompleteLayerUpload\",\n        \"ecr:BatchGetImage\",\n        \"ecr:BatchCheckLayerAvailability\"\n      ],\n      \"Resource\": \"arn:aws:ecr:us-east-1:381492018602:repository/ck-agent-dev\"\n    },\n    {\n      \"Sid\": \"TfState\",\n      \"Effect\": \"Allow\",\n      \"Action\": [\n        \"s3:PutObject\",\n        \"s3:ListBucket\",\n        \"s3:GetObject\",\n        \"s3:DeleteObject\"\n      ],\n      \"Resource\": [\n        \"arn:aws:s3:::ck-agent-dev-tfstate-381492018602/*\",\n        \"arn:aws:s3:::ck-agent-dev-tfstate-381492018602\"\n      ]\n    },\n    {\n      \"Sid\": \"AppResources\",\n      \"Effect\": \"Allow\",\n      \"Action\": [\n        \"logs:TagResource\",\n        \"logs:PutRetentionPolicy\",\n        \"logs:ListTagsForResource\",\n        \"logs:DescribeLogGroups\",\n        \"logs:DeleteLogGroup\",\n        \"logs:CreateLogGroup\",\n        \"lambda:*\",\n        \"dynamodb:UpdateTimeToLive\",\n        \"dynamodb:UpdateTable\",\n        \"dynamodb:UpdateContinuousBackups\",\n        \"dynamodb:TagResource\",\n        \"dynamodb:ListTagsOfResource\",\n        \"dynamodb:DescribeTimeToLive\",\n        \"dynamodb:DescribeTable\",\n        \"dynamodb:DescribeContinuousBackups\",\n        \"dynamodb:CreateTable\",\n        \"cloudfront:UpdateOriginAccessControl\",\n        \"cloudfront:UpdateDistribution\",\n        \"cloudfront:TagResource\",\n        \"cloudfront:ListTagsForResource\",\n        \"cloudfront:ListOriginRequestPolicies\",\n        \"cloudfront:ListCachePolicies\",\n        \"cloudfront:GetOriginRequestPolicy\",\n        \"cloudfront:GetOriginAccessControl\",\n        \"cloudfront:GetDistributionConfig\",\n        \"cloudfront:GetDistribution\",\n        \"cloudfront:GetCachePolicy\",\n        \"cloudfront:CreateOriginAccessControl\",\n        \"cloudfront:CreateInvalidation\",\n        \"cloudfront:CreateDistribution\"\n      ],\n      \"Resource\": \"*\"\n    },\n    {\n      \"Sid\": \"PassLambdaRole\",\n      \"Effect\": \"Allow\",\n      \"Action\": [\n        \"iam:PassRole\",\n        \"iam:GetRole\"\n      ],\n      \"Resource\": \"arn:aws:iam::381492018602:role/ck-agent-dev-lambda\"\n    }\n  ]\n}",
            "minified_json": "{\"Version\":\"2012-10-17\",\"Statement\":[{\"Sid\":\"EcrPush\",\"Effect\":\"Allow\",\"Action\":\"ecr:GetAuthorizationToken\",\"Resource\":\"*\"},{\"Sid\":\"EcrRepo\",\"Effect\":\"Allow\",\"Action\":[\"ecr:UploadLayerPart\",\"ecr:TagResource\",\"ecr:PutLifecyclePolicy\",\"ecr:PutImage\",\"ecr:ListTagsForResource\",\"ecr:InitiateLayerUpload\",\"ecr:GetDownloadUrlForLayer\",\"ecr:DescribeRepositories\",\"ecr:DescribeImages\",\"ecr:CreateRepository\",\"ecr:CompleteLayerUpload\",\"ecr:BatchGetImage\",\"ecr:BatchCheckLayerAvailability\"],\"Resource\":\"arn:aws:ecr:us-east-1:381492018602:repository/ck-agent-dev\"},{\"Sid\":\"TfState\",\"Effect\":\"Allow\",\"Action\":[\"s3:PutObject\",\"s3:ListBucket\",\"s3:GetObject\",\"s3:DeleteObject\"],\"Resource\":[\"arn:aws:s3:::ck-agent-dev-tfstate-381492018602/*\",\"arn:aws:s3:::ck-agent-dev-tfstate-381492018602\"]},{\"Sid\":\"AppResources\",\"Effect\":\"Allow\",\"Action\":[\"logs:TagResource\",\"logs:PutRetentionPolicy\",\"logs:ListTagsForResource\",\"logs:DescribeLogGroups\",\"logs:DeleteLogGroup\",\"logs:CreateLogGroup\",\"lambda:*\",\"dynamodb:UpdateTimeToLive\",\"dynamodb:UpdateTable\",\"dynamodb:UpdateContinuousBackups\",\"dynamodb:TagResource\",\"dynamodb:ListTagsOfResource\",\"dynamodb:DescribeTimeToLive\",\"dynamodb:DescribeTable\",\"dynamodb:DescribeContinuousBackups\",\"dynamodb:CreateTable\",\"cloudfront:UpdateOriginAccessControl\",\"cloudfront:UpdateDistribution\",\"cloudfront:TagResource\",\"cloudfront:ListTagsForResource\",\"cloudfront:ListOriginRequestPolicies\",\"cloudfront:ListCachePolicies\",\"cloudfront:GetOriginRequestPolicy\",\"cloudfront:GetOriginAccessControl\",\"cloudfront:GetDistributionConfig\",\"cloudfront:GetDistribution\",\"cloudfront:GetCachePolicy\",\"cloudfront:CreateOriginAccessControl\",\"cloudfront:CreateInvalidation\",\"cloudfront:CreateDistribution\"],\"Resource\":\"*\"},{\"Sid\":\"PassLambdaRole\",\"Effect\":\"Allow\",\"Action\":[\"iam:PassRole\",\"iam:GetRole\"],\"Resource\":\"arn:aws:iam::381492018602:role/ck-agent-dev-lambda\"}]}",
            "override_json": null,
            "override_policy_documents": null,
            "policy_id": null,
            "source_json": null,
            "source_policy_documents": null,
            "statement": [
              {
                "actions": [
                  "ecr:GetAuthorizationToken"
                ],
                "condition": [],
                "effect": "Allow",
                "not_actions": [],
                "not_principals": [],
                "not_resources": [],
                "principals": [],
                "resources": [
                  "*"
                ],
                "sid": "EcrPush"
              },
              {
                "actions": [
                  "ecr:BatchCheckLayerAvailability",
                  "ecr:BatchGetImage",
                  "ecr:CompleteLayerUpload",
                  "ecr:CreateRepository",
                  "ecr:DescribeImages",
                  "ecr:DescribeRepositories",
                  "ecr:GetDownloadUrlForLayer",
                  "ecr:InitiateLayerUpload",
                  "ecr:ListTagsForResource",
                  "ecr:PutImage",
                  "ecr:PutLifecyclePolicy",
                  "ecr:TagResource",
                  "ecr:UploadLayerPart"
                ],
                "condition": [],
                "effect": "Allow",
                "not_actions": [],
                "not_principals": [],
                "not_resources": [],
                "principals": [],
                "resources": [
                  "arn:aws:ecr:us-east-1:381492018602:repository/ck-agent-dev"
                ],
                "sid": "EcrRepo"
              },
              {
                "actions": [
                  "s3:DeleteObject",
                  "s3:GetObject",
                  "s3:ListBucket",
                  "s3:PutObject"
                ],
                "condition": [],
                "effect": "Allow",
                "not_actions": [],
                "not_principals": [],
                "not_resources": [],
                "principals": [],
                "resources": [
                  "arn:aws:s3:::ck-agent-dev-tfstate-381492018602",
                  "arn:aws:s3:::ck-agent-dev-tfstate-381492018602/*"
                ],
                "sid": "TfState"
              },
              {
                "actions": [
                  "cloudfront:CreateDistribution",
                  "cloudfront:CreateInvalidation",
                  "cloudfront:CreateOriginAccessControl",
                  "cloudfront:GetCachePolicy",
                  "cloudfront:GetDistribution",
                  "cloudfront:GetDistributionConfig",
                  "cloudfront:GetOriginAccessControl",
                  "cloudfront:GetOriginRequestPolicy",
                  "cloudfront:ListCachePolicies",
                  "cloudfront:ListOriginRequestPolicies",
                  "cloudfront:ListTagsForResource",
                  "cloudfront:TagResource",
                  "cloudfront:UpdateDistribution",
                  "cloudfront:UpdateOriginAccessControl",
                  "dynamodb:CreateTable",
                  "dynamodb:DescribeContinuousBackups",
                  "dynamodb:DescribeTable",
                  "dynamodb:DescribeTimeToLive",
                  "dynamodb:ListTagsOfResource",
                  "dynamodb:TagResource",
                  "dynamodb:UpdateContinuousBackups",
                  "dynamodb:UpdateTable",
                  "dynamodb:UpdateTimeToLive",
                  "lambda:*",
                  "logs:CreateLogGroup",
                  "logs:DeleteLogGroup",
                  "logs:DescribeLogGroups",
                  "logs:ListTagsForResource",
                  "logs:PutRetentionPolicy",
                  "logs:TagResource"
                ],
                "condition": [],
                "effect": "Allow",
                "not_actions": [],
                "not_principals": [],
                "not_resources": [],
                "principals": [],
                "resources": [
                  "*"
                ],
                "sid": "AppResources"
              },
              {
                "actions": [
                  "iam:GetRole",
                  "iam:PassRole"
                ],
                "condition": [],
                "effect": "Allow",
                "not_actions": [],
                "not_principals": [],
                "not_resources": [],
                "principals": [],
                "resources": [
                  "arn:aws:iam::381492018602:role/ck-agent-dev-lambda"
                ],
                "sid": "PassLambdaRole"
              }
            ],
            "version": "2012-10-17"
          },
          "sensitive_attributes": [],
          "identity_schema_version": 0
        }
      ]
    },
    {
      "mode": "data",
      "type": "aws_iam_policy_document",
      "name": "gha_trust",
      "provider": "provider[\"registry.terraform.io/hashicorp/aws\"]",
      "instances": [
        {
          "schema_version": 0,
          "attributes": {
            "id": "1737430299",
            "json": "{\n  \"Version\": \"2012-10-17\",\n  \"Statement\": [\n    {\n      \"Effect\": \"Allow\",\n      \"Action\": \"sts:AssumeRoleWithWebIdentity\",\n      \"Principal\": {\n        \"Federated\": \"arn:aws:iam::381492018602:oidc-provider/token.actions.githubusercontent.com\"\n      },\n      \"Condition\": {\n        \"StringEquals\": {\n          \"token.actions.githubusercontent.com:aud\": \"sts.amazonaws.com\",\n          \"token.actions.githubusercontent.com:sub\": \"repo:tqtcse/ck-solution-engineer-assignment:ref:refs/heads/main\"\n        }\n      }\n    }\n  ]\n}",
            "minified_json": "{\"Version\":\"2012-10-17\",\"Statement\":[{\"Effect\":\"Allow\",\"Action\":\"sts:AssumeRoleWithWebIdentity\",\"Principal\":{\"Federated\":\"arn:aws:iam::381492018602:oidc-provider/token.actions.githubusercontent.com\"},\"Condition\":{\"StringEquals\":{\"token.actions.githubusercontent.com:aud\":\"sts.amazonaws.com\",\"token.actions.githubusercontent.com:sub\":\"repo:tqtcse/ck-solution-engineer-assignment:ref:refs/heads/main\"}}}]}",
            "override_json": null,
            "override_policy_documents": null,
            "policy_id": null,
            "source_json": null,
            "source_policy_documents": null,
            "statement": [
              {
                "actions": [
                  "sts:AssumeRoleWithWebIdentity"
                ],
                "condition": [
                  {
                    "test": "StringEquals",
                    "values": [
                      "repo:tqtcse/ck-solution-engineer-assignment:ref:refs/heads/main"
                    ],
                    "variable": "token.actions.githubusercontent.com:sub"
                  },
                  {
                    "test": "StringEquals",
                    "values": [
                      "sts.amazonaws.com"
                    ],
                    "variable": "token.actions.githubusercontent.com:aud"
                  }
                ],
                "effect": "Allow",
                "not_actions": [],
                "not_principals": [],
                "not_resources": [],
                "principals": [
                  {
                    "identifiers": [
                      "arn:aws:iam::381492018602:oidc-provider/token.actions.githubusercontent.com"
                    ],
                    "type": "Federated"
                  }
                ],
                "resources": [],
                "sid": ""
              }
            ],
            "version": "2012-10-17"
          },
          "sensitive_attributes": [],
          "identity_schema_version": 0
        }
      ]
    },
    {
      "mode": "data",
      "type": "aws_iam_policy_document",
      "name": "lambda",
      "provider": "provider[\"registry.terraform.io/hashicorp/aws\"]",
      "instances": [
        {
          "schema_version": 0,
          "attributes": {
            "id": "441740877",
            "json": "{\n  \"Version\": \"2012-10-17\",\n  \"Statement\": [\n    {\n      \"Sid\": \"BedrockInvoke\",\n      \"Effect\": \"Allow\",\n      \"Action\": [\n        \"bedrock:InvokeModelWithResponseStream\",\n        \"bedrock:InvokeModel\"\n      ],\n      \"Resource\": [\n        \"arn:aws:bedrock:us-east-1:381492018602:inference-profile/us.anthropic.*\",\n        \"arn:aws:bedrock:us-east-1:381492018602:inference-profile/us.amazon.nova-*\",\n        \"arn:aws:bedrock:*::foundation-model/anthropic.claude-*\",\n        \"arn:aws:bedrock:*::foundation-model/amazon.titan-embed-text-v2:0\",\n        \"arn:aws:bedrock:*::foundation-model/amazon.nova-*\"\n      ]\n    },\n    {\n      \"Sid\": \"ConversationTable\",\n      \"Effect\": \"Allow\",\n      \"Action\": [\n        \"dynamodb:UpdateItem\",\n        \"dynamodb:Query\",\n        \"dynamodb:PutItem\",\n        \"dynamodb:GetItem\"\n      ],\n      \"Resource\": [\n        \"arn:aws:dynamodb:us-east-1:381492018602:table/ck-agent-dev-conversations/index/*\",\n        \"arn:aws:dynamodb:us-east-1:381492018602:table/ck-agent-dev-conversations\"\n      ]\n    }\n  ]\n}",
            "minified_json": "{\"Version\":\"2012-10-17\",\"Statement\":[{\"Sid\":\"BedrockInvoke\",\"Effect\":\"Allow\",\"Action\":[\"bedrock:InvokeModelWithResponseStream\",\"bedrock:InvokeModel\"],\"Resource\":[\"arn:aws:bedrock:us-east-1:381492018602:inference-profile/us.anthropic.*\",\"arn:aws:bedrock:us-east-1:381492018602:inference-profile/us.amazon.nova-*\",\"arn:aws:bedrock:*::foundation-model/anthropic.claude-*\",\"arn:aws:bedrock:*::foundation-model/amazon.titan-embed-text-v2:0\",\"arn:aws:bedrock:*::foundation-model/amazon.nova-*\"]},{\"Sid\":\"ConversationTable\",\"Effect\":\"Allow\",\"Action\":[\"dynamodb:UpdateItem\",\"dynamodb:Query\",\"dynamodb:PutItem\",\"dynamodb:GetItem\"],\"Resource\":[\"arn:aws:dynamodb:us-east-1:381492018602:table/ck-agent-dev-conversations/index/*\",\"arn:aws:dynamodb:us-east-1:381492018602:table/ck-agent-dev-conversations\"]}]}",
            "override_json": null,
            "override_policy_documents": null,
            "policy_id": null,
            "source_json": null,
            "source_policy_documents": null,
            "statement": [
              {
                "actions": [
                  "bedrock:InvokeModel",
                  "bedrock:InvokeModelWithResponseStream"
                ],
                "condition": [],
                "effect": "Allow",
                "not_actions": [],
                "not_principals": [],
                "not_resources": [],
                "principals": [],
                "resources": [
                  "arn:aws:bedrock:*::foundation-model/amazon.nova-*",
                  "arn:aws:bedrock:*::foundation-model/amazon.titan-embed-text-v2:0",
                  "arn:aws:bedrock:*::foundation-model/anthropic.claude-*",
                  "arn:aws:bedrock:us-east-1:381492018602:inference-profile/us.amazon.nova-*",
                  "arn:aws:bedrock:us-east-1:381492018602:inference-profile/us.anthropic.*"
                ],
                "sid": "BedrockInvoke"
              },
              {
                "actions": [
                  "dynamodb:GetItem",
                  "dynamodb:PutItem",
                  "dynamodb:Query",
                  "dynamodb:UpdateItem"
                ],
                "condition": [],
                "effect": "Allow",
                "not_actions": [],
                "not_principals": [],
                "not_resources": [],
                "principals": [],
                "resources": [
                  "arn:aws:dynamodb:us-east-1:381492018602:table/ck-agent-dev-conversations",
                  "arn:aws:dynamodb:us-east-1:381492018602:table/ck-agent-dev-conversations/index/*"
                ],
                "sid": "ConversationTable"
              }
            ],
            "version": "2012-10-17"
          },
          "sensitive_attributes": [],
          "identity_schema_version": 0
        }
      ]
    },
    {
      "mode": "managed",
      "type": "aws_iam_openid_connect_provider",
      "name": "github",
      "provider": "provider[\"registry.terraform.io/hashicorp/aws\"]",
      "instances": [
        {
          "schema_version": 0,
          "attributes": {
            "arn": "arn:aws:iam::381492018602:oidc-provider/token.actions.githubusercontent.com",
            "client_id_list": [
              "sts.amazonaws.com"
            ],
            "id": "arn:aws:iam::381492018602:oidc-provider/token.actions.githubusercontent.com",
            "tags": {},
            "tags_all": {},
            "thumbprint_list": [
              "6938fd4d98bab03faadb97b34396831e3780aea1"
            ],
            "url": "token.actions.githubusercontent.com"
          },
          "sensitive_attributes": [],
          "identity_schema_version": 0,
          "private": "bnVsbA=="
        }
      ]
    },
    {
      "mode": "managed",
      "type": "aws_iam_role",
      "name": "gha",
      "provider": "provider[\"registry.terraform.io/hashicorp/aws\"]",
      "instances": [
        {
          "schema_version": 0,
          "attributes": {
            "arn": "arn:aws:iam::381492018602:role/ck-agent-dev-gha",
            "assume_role_policy": "{\"Statement\":[{\"Action\":\"sts:AssumeRoleWithWebIdentity\",\"Condition\":{\"StringEquals\":{\"token.actions.githubusercontent.com:aud\":\"sts.amazonaws.com\",\"token.actions.githubusercontent.com:sub\":\"repo:tqtcse/ck-solution-engineer-assignment:ref:refs/heads/main\"}},\"Effect\":\"Allow\",\"Principal\":{\"Federated\":\"arn:aws:iam::381492018602:oidc-provider/token.actions.githubusercontent.com\"}}],\"Version\":\"2012-10-17\"}",
            "create_date": "2026-09-11T17:29:23Z",
            "description": "",
            "force_detach_policies": false,
            "id": "ck-agent-dev-gha",
            "inline_policy": [
              {
                "name": "deploy",
                "policy": "{\"Version\":\"2012-10-17\",\"Statement\":[{\"Action\":\"ecr:GetAuthorizationToken\",\"Effect\":\"Allow\",\"Resource\":\"*\",\"Sid\":\"EcrPush\"},{\"Action\":[\"ecr:UploadLayerPart\",\"ecr:TagResource\",\"ecr:PutLifecyclePolicy\",\"ecr:PutImage\",\"ecr:ListTagsForResource\",\"ecr:InitiateLayerUpload\",\"ecr:GetDownloadUrlForLayer\",\"ecr:DescribeRepositories\",\"ecr:DescribeImages\",\"ecr:CreateRepository\",\"ecr:CompleteLayerUpload\",\"ecr:BatchGetImage\",\"ecr:BatchCheckLayerAvailability\"],\"Effect\":\"Allow\",\"Resource\":\"arn:aws:ecr:us-east-1:381492018602:repository/ck-agent-dev\",\"Sid\":\"EcrRepo\"},{\"Action\":[\"s3:PutObject\",\"s3:ListBucket\",\"s3:GetObject\",\"s3:DeleteObject\"],\"Effect\":\"Allow\",\"Resource\":[\"arn:aws:s3:::ck-agent-dev-tfstate-381492018602/*\",\"arn:aws:s3:::ck-agent-dev-tfstate-381492018602\"],\"Sid\":\"TfState\"},{\"Action\":[\"logs:TagResource\",\"logs:PutRetentionPolicy\",\"logs:ListTagsForResource\",\"logs:DescribeLogGroups\",\"logs:DeleteLogGroup\",\"logs:CreateLogGroup\",\"lambda:*\",\"dynamodb:UpdateTimeToLive\",\"dynamodb:UpdateTable\",\"dynamodb:UpdateContinuousBackups\",\"dynamodb:TagResource\",\"dynamodb:ListTagsOfResource\",\"dynamodb:DescribeTimeToLive\",\"dynamodb:DescribeTable\",\"dynamodb:DescribeContinuousBackups\",\"dynamodb:CreateTable\"],\"Effect\":\"Allow\",\"Resource\":\"*\",\"Sid\":\"AppResources\"},{\"Action\":[\"iam:PassRole\",\"iam:GetRole\"],\"Effect\":\"Allow\",\"Resource\":\"arn:aws:iam::381492018602:role/ck-agent-dev-lambda\",\"Sid\":\"PassLambdaRole\"}]}"
              }
            ],
            "managed_policy_arns": [],
            "max_session_duration": 3600,
            "name": "ck-agent-dev-gha",
            "name_prefix": "",
            "path": "/",
            "permissions_boundary": "",
            "tags": {},
            "tags_all": {},
            "unique_id": "AROAVRUVSHWVBLPOVDDST"
          },
          "sensitive_attributes": [],
          "identity_schema_version": 0,
          "private": "bnVsbA==",
          "dependencies": [
            "aws_iam_openid_connect_provider.github",
            "data.aws_iam_policy_document.gha_trust"
          ]
        }
      ]
    },
    {
      "mode": "managed",
      "type": "aws_iam_role",
      "name": "lambda",
      "provider": "provider[\"registry.terraform.io/hashicorp/aws\"]",
      "instances": [
        {
          "schema_version": 0,
          "attributes": {
            "arn": "arn:aws:iam::381492018602:role/ck-agent-dev-lambda",
            "assume_role_policy": "{\"Statement\":[{\"Action\":\"sts:AssumeRole\",\"Effect\":\"Allow\",\"Principal\":{\"Service\":\"lambda.amazonaws.com\"}}],\"Version\":\"2012-10-17\"}",
            "create_date": "2026-09-11T17:29:22Z",
            "description": "",
            "force_detach_policies": false,
            "id": "ck-agent-dev-lambda",
            "inline_policy": [
              {
                "name": "app",
                "policy": "{\"Version\":\"2012-10-17\",\"Statement\":[{\"Action\":[\"bedrock:InvokeModelWithResponseStream\",\"bedrock:InvokeModel\"],\"Effect\":\"Allow\",\"Resource\":[\"arn:aws:bedrock:us-east-1:381492018602:inference-profile/us.anthropic.*\",\"arn:aws:bedrock:us-east-1:381492018602:inference-profile/us.amazon.nova-*\",\"arn:aws:bedrock:*::foundation-model/anthropic.claude-*\",\"arn:aws:bedrock:*::foundation-model/amazon.titan-embed-text-v2:0\",\"arn:aws:bedrock:*::foundation-model/amazon.nova-*\"],\"Sid\":\"BedrockInvoke\"},{\"Action\":[\"dynamodb:UpdateItem\",\"dynamodb:Query\",\"dynamodb:PutItem\",\"dynamodb:GetItem\"],\"Effect\":\"Allow\",\"Resource\":[\"arn:aws:dynamodb:us-east-1:381492018602:table/ck-agent-dev-conversations/index/*\",\"arn:aws:dynamodb:us-east-1:381492018602:table/ck-agent-dev-conversations\"],\"Sid\":\"ConversationTable\"}]}"
              }
            ],
            "managed_policy_arns": [
              "arn:aws:iam::aws:policy/service-role/AWSLambdaBasicExecutionRole"
            ],
            "max_session_duration": 3600,
            "name": "ck-agent-dev-lambda",
            "name_prefix": "",
            "path": "/",
            "permissions_boundary": "",
            "tags": {},
            "tags_all": {},
            "unique_id": "AROAVRUVSHWVFPE57XYUM"
          },
          "sensitive_attributes": [],
          "identity_schema_version": 0,
          "private": "bnVsbA=="
        }
      ]
    },
    {
      "mode": "managed",
      "type": "aws_iam_role_policy",
      "name": "gha",
      "provider": "provider[\"registry.terraform.io/hashicorp/aws\"]",
      "instances": [
        {
          "schema_version": 0,
          "attributes": {
            "id": "ck-agent-dev-gha:deploy",
            "name": "deploy",
            "name_prefix": "",
            "policy": "{\"Version\":\"2012-10-17\",\"Statement\":[{\"Action\":\"ecr:GetAuthorizationToken\",\"Effect\":\"Allow\",\"Resource\":\"*\",\"Sid\":\"EcrPush\"},{\"Action\":[\"ecr:UploadLayerPart\",\"ecr:TagResource\",\"ecr:PutLifecyclePolicy\",\"ecr:PutImage\",\"ecr:ListTagsForResource\",\"ecr:InitiateLayerUpload\",\"ecr:GetDownloadUrlForLayer\",\"ecr:DescribeRepositories\",\"ecr:DescribeImages\",\"ecr:CreateRepository\",\"ecr:CompleteLayerUpload\",\"ecr:BatchGetImage\",\"ecr:BatchCheckLayerAvailability\"],\"Effect\":\"Allow\",\"Resource\":\"arn:aws:ecr:us-east-1:381492018602:repository/ck-agent-dev\",\"Sid\":\"EcrRepo\"},{\"Action\":[\"s3:PutObject\",\"s3:ListBucket\",\"s3:GetObject\",\"s3:DeleteObject\"],\"Effect\":\"Allow\",\"Resource\":[\"arn:aws:s3:::ck-agent-dev-tfstate-381492018602/*\",\"arn:aws:s3:::ck-agent-dev-tfstate-381492018602\"],\"Sid\":\"TfState\"},{\"Action\":[\"logs:TagResource\",\"logs:PutRetentionPolicy\",\"logs:ListTagsForResource\",\"logs:DescribeLogGroups\",\"logs:DeleteLogGroup\",\"logs:CreateLogGroup\",\"lambda:*\",\"dynamodb:UpdateTimeToLive\",\"dynamodb:UpdateTable\",\"dynamodb:UpdateContinuousBackups\",\"dynamodb:TagResource\",\"dynamodb:ListTagsOfResource\",\"dynamodb:DescribeTimeToLive\",\"dynamodb:DescribeTable\",\"dynamodb:DescribeContinuousBackups\",\"dynamodb:CreateTable\",\"cloudfront:UpdateOriginAccessControl\",\"cloudfront:UpdateDistribution\",\"cloudfront:TagResource\",\"cloudfront:ListTagsForResource\",\"cloudfront:ListOriginRequestPolicies\",\"cloudfront:ListCachePolicies\",\"cloudfront:GetOriginRequestPolicy\",\"cloudfront:GetOriginAccessControl\",\"cloudfront:GetDistributionConfig\",\"cloudfront:GetDistribution\",\"cloudfront:GetCachePolicy\",\"cloudfront:CreateOriginAccessControl\",\"cloudfront:CreateInvalidation\",\"cloudfront:CreateDistribution\"],\"Effect\":\"Allow\",\"Resource\":\"*\",\"Sid\":\"AppResources\"},{\"Action\":[\"iam:PassRole\",\"iam:GetRole\"],\"Effect\":\"Allow\",\"Resource\":\"arn:aws:iam::381492018602:role/ck-agent-dev-lambda\",\"Sid\":\"PassLambdaRole\"}]}",
            "role": "ck-agent-dev-gha"
          },
          "sensitive_attributes": [],
          "identity_schema_version": 0,
          "private": "bnVsbA==",
          "dependencies": [
            "aws_iam_openid_connect_provider.github",
            "aws_iam_role.gha",
            "aws_iam_role.lambda",
            "aws_s3_bucket.tfstate",
            "data.aws_caller_identity.me",
            "data.aws_iam_policy_document.gha",
            "data.aws_iam_policy_document.gha_trust"
          ]
        }
      ]
    },
    {
      "mode": "managed",
      "type": "aws_iam_role_policy",
      "name": "lambda",
      "provider": "provider[\"registry.terraform.io/hashicorp/aws\"]",
      "instances": [
        {
          "schema_version": 0,
          "attributes": {
            "id": "ck-agent-dev-lambda:app",
            "name": "app",
            "name_prefix": "",
            "policy": "{\"Version\":\"2012-10-17\",\"Statement\":[{\"Action\":[\"bedrock:InvokeModelWithResponseStream\",\"bedrock:InvokeModel\"],\"Effect\":\"Allow\",\"Resource\":[\"arn:aws:bedrock:us-east-1:381492018602:inference-profile/us.anthropic.*\",\"arn:aws:bedrock:us-east-1:381492018602:inference-profile/us.amazon.nova-*\",\"arn:aws:bedrock:*::foundation-model/anthropic.claude-*\",\"arn:aws:bedrock:*::foundation-model/amazon.titan-embed-text-v2:0\",\"arn:aws:bedrock:*::foundation-model/amazon.nova-*\"],\"Sid\":\"BedrockInvoke\"},{\"Action\":[\"dynamodb:UpdateItem\",\"dynamodb:Query\",\"dynamodb:PutItem\",\"dynamodb:GetItem\"],\"Effect\":\"Allow\",\"Resource\":[\"arn:aws:dynamodb:us-east-1:381492018602:table/ck-agent-dev-conversations/index/*\",\"arn:aws:dynamodb:us-east-1:381492018602:table/ck-agent-dev-conversations\"],\"Sid\":\"ConversationTable\"}]}",
            "role": "ck-agent-dev-lambda"
          },
          "sensitive_attributes": [],
          "identity_schema_version": 0,
          "private": "bnVsbA==",
          "dependencies": [
            "aws_iam_role.lambda",
            "data.aws_caller_identity.me",
            "data.aws_iam_policy_document.lambda"
          ]
        }
      ]
    },
    {
      "mode": "managed",
      "type": "aws_iam_role_policy_attachment",
      "name": "lambda_logs",
      "provider": "provider[\"registry.terraform.io/hashicorp/aws\"]",
      "instances": [
        {
          "schema_version": 0,
          "attributes": {
            "id": "ck-agent-dev-lambda-20260911172924107000000001",
            "policy_arn": "arn:aws:iam::aws:policy/service-role/AWSLambdaBasicExecutionRole",
            "role": "ck-agent-dev-lambda"
          },
          "sensitive_attributes": [],
          "identity_schema_version": 0,
          "private": "bnVsbA==",
          "dependencies": [
            "aws_iam_role.lambda"
          ]
        }
      ]
    },
    {
      "mode": "managed",
      "type": "aws_s3_bucket",
      "name": "tfstate",
      "provider": "provider[\"registry.terraform.io/hashicorp/aws\"]",
      "instances": [
        {
          "schema_version": 0,
          "attributes": {
            "acceleration_status": "",
            "acl": null,
            "arn": "arn:aws:s3:::ck-agent-dev-tfstate-381492018602",
            "bucket": "ck-agent-dev-tfstate-381492018602",
            "bucket_domain_name": "ck-agent-dev-tfstate-381492018602.s3.amazonaws.com",
            "bucket_prefix": "",
            "bucket_regional_domain_name": "ck-agent-dev-tfstate-381492018602.s3.us-east-1.amazonaws.com",
            "cors_rule": [],
            "force_destroy": false,
            "grant": [
              {
                "id": "28bf26b64601aaf9cc44f51ddad9462d09efe23d1ce58f5042f8d5cd6e74602c",
                "permissions": [
                  "FULL_CONTROL"
                ],
                "type": "CanonicalUser",
                "uri": ""
              }
            ],
            "hosted_zone_id": "Z3AQBSTGFYJSTF",
            "id": "ck-agent-dev-tfstate-381492018602",
            "lifecycle_rule": [],
            "logging": [],
            "object_lock_configuration": [],
            "object_lock_enabled": false,
            "policy": "",
            "region": "us-east-1",
            "replication_configuration": [],
            "request_payer": "BucketOwner",
            "server_side_encryption_configuration": [
              {
                "rule": [
                  {
                    "apply_server_side_encryption_by_default": [
                      {
                        "kms_master_key_id": "",
                        "sse_algorithm": "AES256"
                      }
                    ],
                    "bucket_key_enabled": false
                  }
                ]
              }
            ],
            "tags": {},
            "tags_all": {},
            "timeouts": null,
            "versioning": [
              {
                "enabled": true,
                "mfa_delete": false
              }
            ],
            "website": [],
            "website_domain": null,
            "website_endpoint": null
          },
          "sensitive_attributes": [],
          "identity_schema_version": 0,
          "private": "eyJlMmJmYjczMC1lY2FhLTExZTYtOGY4OC0zNDM2M2JjN2M0YzAiOnsiY3JlYXRlIjoxMjAwMDAwMDAwMDAwLCJkZWxldGUiOjM2MDAwMDAwMDAwMDAsInJlYWQiOjEyMDAwMDAwMDAwMDAsInVwZGF0ZSI6MTIwMDAwMDAwMDAwMH19",
          "dependencies": [
            "data.aws_caller_identity.me"
          ]
        }
      ]
    },
    {
      "mode": "managed",
      "type": "aws_s3_bucket_public_access_block",
      "name": "tfstate",
      "provider": "provider[\"registry.terraform.io/hashicorp/aws\"]",
      "instances": [
        {
          "schema_version": 0,
          "attributes": {
            "block_public_acls": true,
            "block_public_policy": true,
            "bucket": "ck-agent-dev-tfstate-381492018602",
            "id": "ck-agent-dev-tfstate-381492018602",
            "ignore_public_acls": true,
            "restrict_public_buckets": true
          },
          "sensitive_attributes": [],
          "identity_schema_version": 0,
          "private": "bnVsbA==",
          "dependencies": [
            "aws_s3_bucket.tfstate",
            "data.aws_caller_identity.me"
          ]
        }
      ]
    },
    {
      "mode": "managed",
      "type": "aws_s3_bucket_server_side_encryption_configuration",
      "name": "tfstate",
      "provider": "provider[\"registry.terraform.io/hashicorp/aws\"]",
      "instances": [
        {
          "schema_version": 0,
          "attributes": {
            "bucket": "ck-agent-dev-tfstate-381492018602",
            "expected_bucket_owner": "",
            "id": "ck-agent-dev-tfstate-381492018602",
            "rule": [
              {
                "apply_server_side_encryption_by_default": [
                  {
                    "kms_master_key_id": "",
                    "sse_algorithm": "AES256"
                  }
                ],
                "bucket_key_enabled": false
              }
            ]
          },
          "sensitive_attributes": [],
          "identity_schema_version": 0,
          "private": "bnVsbA==",
          "dependencies": [
            "aws_s3_bucket.tfstate",
            "data.aws_caller_identity.me"
          ]
        }
      ]
    },
    {
      "mode": "managed",
      "type": "aws_s3_bucket_versioning",
      "name": "tfstate",
      "provider": "provider[\"registry.terraform.io/hashicorp/aws\"]",
      "instances": [
        {
          "schema_version": 0,
          "attributes": {
            "bucket": "ck-agent-dev-tfstate-381492018602",
            "expected_bucket_owner": "",
            "id": "ck-agent-dev-tfstate-381492018602",
            "mfa": null,
            "versioning_configuration": [
              {
                "mfa_delete": "",
                "status": "Enabled"
              }
            ]
          },
          "sensitive_attributes": [],
          "identity_schema_version": 0,
          "private": "bnVsbA==",
          "dependencies": [
            "aws_s3_bucket.tfstate",
            "data.aws_caller_identity.me"
          ]
        }
      ]
    }
  ],
  "check_results": null
}
